{
  "name": "collider-lib.mix",
  "version": "0.0.1",
  "lockfileVersion": 1,
  "requires": true,
  "dependencies": {
    "collider.mix": {
      "version": "git+https://github.com/invider/collider.mix.git#91d6b281cd6a354de363d5949565c66a6181728e",
      "from": "git+https://github.com/invider/collider.mix.git"
    }
  }
}
